// !$*UTF8*$!
{
	archiveVersion = 1;
	classes = {
	};
	objectVersion = 50;
	objects = {

/* Begin PBXBuildFile section */
		B430AB9120AAF06A0093B849 /* AppDelegate.swift in Sources */ = {isa = PBXBuildFile; fileRef = B430AB9020AAF06A0093B849 /* AppDelegate.swift */; };
		B430AB9320AAF06A0093B849 /* ViewController.swift in Sources */ = {isa = PBXBuildFile; fileRef = B430AB9220AAF06A0093B849 /* ViewController.swift */; };
		B430AB9620AAF06A0093B849 /* Main.storyboard in Resources */ = {isa = PBXBuildFile; fileRef = B430AB9420AAF06A0093B849 /* Main.storyboard */; };
		B430AB9820AAF06B0093B849 /* Assets.xcassets in Resources */ = {isa = PBXBuildFile; fileRef = B430AB9720AAF06B0093B849 /* Assets.xcassets */; };
		B430AB9B20AAF06B0093B849 /* LaunchScreen.storyboard in Resources */ = {isa = PBXBuildFile; fileRef = B430AB9920AAF06B0093B849 /* LaunchScreen.storyboard */; };
		B430ABA620AAF06B0093B849 /* stop_watchTests.swift in Sources */ = {isa = PBXBuildFile; fileRef = B430ABA520AAF06B0093B849 /* stop_watchTests.swift */; };
		B430ABB120AAF06B0093B849 /* stop_watchUITests.swift in Sources */ = {isa = PBXBuildFile; fileRef = B430ABB020AAF06B0093B849 /* stop_watchUITests.swift */; };
/* End PBXBuildFile section */

/* Begin PBXContainerItemProxy section */
		B430ABA220AAF06B0093B849 /* PBXContainerItemProxy */ = {
			isa = PBXContainerItemProxy;
			containerPortal = B430AB8520AAF06A0093B849 /* Project object */;
			proxyType = 1;
			remoteGlobalIDString = B430AB8C20AAF06A0093B849;
			remoteInfo = "stop-watch";
		};
		B430ABAD20AAF06B0093B849 /* PBXContainerItemProxy */ = {
			isa = PBXContainerItemProxy;
			containerPortal = B430AB8520AAF06A0093B849 /* Project object */;
			proxyType = 1;
			remoteGlobalIDString = B430AB8C20AAF06A0093B849;
			remoteInfo = "stop-watch";
		};
/* End PBXContainerItemProxy section */

/* Begin PBXFileReference section */
		B430AB8D20AAF06A0093B849 /* stop-watch.app */ = {isa = PBXFileReference; explicitFileType = wrapper.application; includeInIndex = 0; path = "stop-watch.app"; sourceTree = BUILT_PRODUCTS_DIR; };
		B430AB9020AAF06A0093B849 /* AppDelegate.swift */ = {isa = PBXFileReference; lastKnownFileType = sourcecode.swift; path = AppDelegate.swift; sourceTree = "<group>"; };
		B430AB9220AAF06A0093B849 /* ViewController.swift */ = {isa = PBXFileReference; lastKnownFileType = sourcecode.swift; path = ViewController.swift; sourceTree = "<group>"; };
		B430AB9520AAF06A0093B849 /* Base */ = {isa = PBXFileReference; lastKnownFileType = file.storyboard; name = Base; path = Base.lproj/Main.storyboard; sourceTree = "<group>"; };
		B430AB9720AAF06B0093B849 /* Assets.xcassets */ = {isa = PBXFileReference; lastKnownFileType = folder.assetcatalog; path = Assets.xcassets; sourceTree = "<group>"; };
		B430AB9A20AAF06B0093B849 /* Base */ = {isa = PBXFileReference; lastKnownFileType = file.storyboard; name = Base; path = Base.lproj/LaunchScreen.storyboard; sourceTree = "<group>"; };
		B430AB9C20AAF06B0093B849 /* Info.plist */ = {isa = PBXFileReference; lastKnownFileType = text.plist.xml; path = Info.plist; sourceTree = "<group>"; };
		B430ABA120AAF06B0093B849 /* stop-watchTests.xctest */ = {isa = PBXFileReference; explicitFileType = wrapper.cfbundle; includeInIndex = 0; path = "stop-watchTests.xctest"; sourceTree = BUILT_PRODUCTS_DIR; };
		B430ABA520AAF06B0093B849 /* stop_watchTests.swift */ = {isa = PBXFileReference; lastKnownFileType = sourcecode.swift; path = stop_watchTests.swift; sourceTree = "<group>"; };
		B430ABA720AAF06B0093B849 /* Info.plist */ = {isa = PBXFileReference; lastKnownFileType = text.plist.xml; path = Info.plist; sourceTree = "<group>"; };
		B430ABAC20AAF06B0093B849 /* stop-watchUITests.xctest */ = {isa = PBXFileReference; explicitFileType = wrapper.cfbundle; includeInIndex = 0; path = "stop-watchUITests.xctest"; sourceTree = BUILT_PRODUCTS_DIR; };
		B430ABB020AAF06B0093B849 /* stop_watchUITests.swift */ = {isa = PBXFileReference; lastKnownFileType = sourcecode.swift; path = stop_watchUITests.swift; sourceTree = "<group>"; };
		B430ABB220AAF06B0093B849 /* Info.plist */ = {isa = PBXFileReference; lastKnownFileType = text.plist.xml; path = Info.plist; sourceTree = "<group>"; };
/* End PBXFileReference section */

/* Begin PBXFrameworksBuildPhase section */
		B430AB8A20AAF06A0093B849 /* Frameworks */ = {
			isa = PBXFrameworksBuildPhase;
			buildActionMask = 2147483647;
			files = (
			);
			runOnlyForDeploymentPostprocessing = 0;
		};
		B430AB9E20AAF06B0093B849 /* Frameworks */ = {
			isa = PBXFrameworksBuildPhase;
			buildActionMask = 2147483647;
			files = (
			);
			runOnlyForDeploymentPostprocessing = 0;
		};
		B430ABA920AAF06B0093B849 /* Frameworks */ = {
			isa = PBXFrameworksBuildPhase;
			buildActionMask = 2147483647;
			files = (
			);
			runOnlyForDeploymentPostprocessing = 0;
		};
/* End PBXFrameworksBuildPhase section */

/* Begin PBXGroup section */
		B430AB8420AAF06A0093B849 = {
			isa = PBXGroup;
			children = (
				B430AB8F20AAF06A0093B849 /* stop-watch */,
				B430ABA420AAF06B0093B849 /* stop-watchTests */,
				B430ABAF20AAF06B0093B849 /* stop-watchUITests */,
				B430AB8E20AAF06A0093B849 /* Products */,
			);
			sourceTree = "<group>";
		};
		B430AB8E20AAF06A0093B849 /* Products */ = {
			isa = PBXGroup;
			children = (
				B430AB8D20AAF06A0093B849 /* stop-watch.app */,
				B430ABA120AAF06B0093B849 /* stop-watchTests.xctest */,
				B430ABAC20AAF06B0093B849 /* stop-watchUITests.xctest */,
			);
			name = Products;
			sourceTree = "<group>";
		};
		B430AB8F20AAF06A0093B849 /* stop-watch */ = {
			isa = PBXGroup;
			children = (
				B430AB9020AAF06A0093B849 /* AppDelegate.swift */,
				B430AB9220AAF06A0093B849 /* ViewController.swift */,
				B430AB9420AAF06A0093B849 /* Main.storyboard */,
				B430AB9720AAF06B0093B849 /* Assets.xcassets */,
				B430AB9920AAF06B0093B849 /* LaunchScreen.storyboard */,
				B430AB9C20AAF06B0093B849 /* Info.plist */,
			);
			path = "stop-watch";
			sourceTree = "<group>";
		};
		B430ABA420AAF06B0093B849 /* stop-watchTests */ = {
			isa = PBXGroup;
			children = (
				B430ABA520AAF06B0093B849 /* stop_watchTests.swift */,
				B430ABA720AAF06B0093B849 /* Info.plist */,
			);
			path = "stop-watchTests";
			sourceTree = "<group>";
		};
		B430ABAF20AAF06B0093B849 /* stop-watchUITests */ = {
			isa = PBXGroup;
			children = (
				B430ABB020AAF06B0093B849 /* stop_watchUITests.swift */,
				B430ABB220AAF06B0093B849 /* Info.plist */,
			);
			path = "stop-watchUITests";
			sourceTree = "<group>";
		};
/* End PBXGroup section */

/* Begin PBXNativeTarget section */
		B430AB8C20AAF06A0093B849 /* stop-watch */ = {
			isa = PBXNativeTarget;
			buildConfigurationList = B430ABB520AAF06B0093B849 /* Build configuration list for PBXNativeTarget "stop-watch" */;
			buildPhases = (
				B430AB8920AAF06A0093B849 /* Sources */,
				B430AB8A20AAF06A0093B849 /* Frameworks */,
				B430AB8B20AAF06A0093B849 /* Resources */,
			);
			buildRules = (
			);
			dependencies = (
			);
			name = "stop-watch";
			productName = "stop-watch";
			productReference = B430AB8D20AAF06A0093B849 /* stop-watch.app */;
			productType = "com.apple.product-type.application";
		};
		B430ABA020AAF06B0093B849 /* stop-watchTests */ = {
			isa = PBXNativeTarget;
			buildConfigurationList = B430ABB820AAF06B0093B849 /* Build configuration list for PBXNativeTarget "stop-watchTests" */;
			buildPhases = (
				B430AB9D20AAF06B0093B849 /* Sources */,
				B430AB9E20AAF06B0093B849 /* Frameworks */,
				B430AB9F20AAF06B0093B849 /* Resources */,
			);
			buildRules = (
			);
			dependencies = (
				B430ABA320AAF06B0093B849 /* PBXTargetDependency */,
			);
			name = "stop-watchTests";
			productName = "stop-watchTests";
			productReference = B430ABA120AAF06B0093B849 /* stop-watchTests.xctest */;
			productType = "com.apple.product-type.bundle.unit-test";
		};
		B430ABAB20AAF06B0093B849 /* stop-watchUITests */ = {
			isa = PBXNativeTarget;
			buildConfigurationList = B430ABBB20AAF06B0093B849 /* Build configuration list for PBXNativeTarget "stop-watchUITests" */;
			buildPhases = (
				B430ABA820AAF06B0093B849 /* Sources */,
				B430ABA920AAF06B0093B849 /* Frameworks */,
				B430ABAA20AAF06B0093B849 /* Resources */,
			);
			buildRules = (
			);
			dependencies = (
				B430ABAE20AAF06B0093B849 /* PBXTargetDependency */,
			);
			name = "stop-watchUITests";
			productName = "stop-watchUITests";
			productReference = B430ABAC20AAF06B0093B849 /* stop-watchUITests.xctest */;
			productType = "com.apple.product-type.bundle.ui-testing";
		};
/* End PBXNativeTarget section */

/* Begin PBXProject section */
		B430AB8520AAF06A0093B849 /* Project object */ = {
			isa = PBXProject;
			attributes = {
				LastSwiftUpdateCheck = 0930;
				LastUpgradeCheck = 0930;
				ORGANIZATIONNAME = sample;
				TargetAttributes = {
					B430AB8C20AAF06A0093B849 = {
						CreatedOnToolsVersion = 9.3;
					};
					B430ABA020AAF06B0093B849 = {
						CreatedOnToolsVersion = 9.3;
						TestTargetID = B430AB8C20AAF06A0093B849;
					};
					B430ABAB20AAF06B0093B849 = {
						CreatedOnToolsVersion = 9.3;
						TestTargetID = B430AB8C20AAF06A0093B849;
					};
				};
			};
			buildConfigurationList = B430AB8820AAF06A0093B849 /* Build configuration list for PBXProject "stop-watch" */;
			compatibilityVersion = "Xcode 9.3";
			developmentRegion = en;
			hasScannedForEncodings = 0;
			knownRegions = (
				en,
				Base,
			);
			mainGroup = B430AB8420AAF06A0093B849;
			productRefGroup = B430AB8E20AAF06A0093B849 /* Products */;
			projectDirPath = "";
			projectRoot = "";
			targets = (
				B430AB8C20AAF06A0093B849 /* stop-watch */,
				B430ABA020AAF06B0093B849 /* stop-watchTests */,
				B430ABAB20AAF06B0093B849 /* stop-watchUITests */,
			);
		};
/* End PBXProject section */

/* Begin PBXResourcesBuildPhase section */
		B430AB8B20AAF06A0093B849 /* Resources */ = {
			isa = PBXResourcesBuildPhase;
			buildActionMask = 2147483647;
			files = (
				B430AB9B20AAF06B0093B849 /* LaunchScreen.storyboard in Resources */,
				B430AB9820AAF06B0093B849 /* Assets.xcassets in Resources */,
				B430AB9620AAF06A0093B849 /* Main.storyboard in Resources */,
			);
			runOnlyForDeploymentPostprocessing = 0;
		};
		B430AB9F20AAF06B0093B849 /* Resources */ = {
			isa = PBXResourcesBuildPhase;
			buildActionMask = 2147483647;
			files = (
			);
			runOnlyForDeploymentPostprocessing = 0;
		};
		B430ABAA20AAF06B0093B849 /* Resources */ = {
			isa = PBXResourcesBuildPhase;
			buildActionMask = 2147483647;
			files = (
			);
			runOnlyForDeploymentPostprocessing = 0;
		};
/* End PBXResourcesBuildPhase section */

/* Begin PBXSourcesBuildPhase section */
		B430AB8920AAF06A0093B849 /* Sources */ = {
			isa = PBXSourcesBuildPhase;
			buildActionMask = 2147483647;
			files = (
				B430AB9320AAF06A0093B849 /* ViewController.swift in Sources */,
				B430AB9120AAF06A0093B849 /* AppDelegate.swift in Sources */,
			);
			runOnlyForDeploymentPostprocessing = 0;
		};
		B430AB9D20AAF06B0093B849 /* Sources */ = {
			isa = PBXSourcesBuildPhase;
			buildActionMask = 2147483647;
			files = (
				B430ABA620AAF06B0093B849 /* stop_watchTests.swift in Sources */,
			);
			runOnlyForDeploymentPostprocessing = 0;
		};
		B430ABA820AAF06B0093B849 /* Sources */ = {
			isa = PBXSourcesBuildPhase;
			buildActionMask = 2147483647;
			files = (
				B430ABB120AAF06B0093B849 /* stop_watchUITests.swift in Sources */,
			);
			runOnlyForDeploymentPostprocessing = 0;
		};
/* End PBXSourcesBuildPhase section */

/* Begin PBXTargetDependency section */
		B430ABA320AAF06B0093B849 /* PBXTargetDependency */ = {
			isa = PBXTargetDependency;
			target = B430AB8C20AAF06A0093B849 /* stop-watch */;
			targetProxy = B430ABA220AAF06B0093B849 /* PBXContainerItemProxy */;
		};
		B430ABAE20AAF06B0093B849 /* PBXTargetDependency */ = {
			isa = PBXTargetDependency;
			target = B430AB8C20AAF06A0093B849 /* stop-watch */;
			targetProxy = B430ABAD20AAF06B0093B849 /* PBXContainerItemProxy */;
		};
/* End PBXTargetDependency section */

/* Begin PBXVariantGroup section */
		B430AB9420AAF06A0093B849 /* Main.storyboard */ = {
			isa = PBXVariantGroup;
			children = (
				B430AB9520AAF06A0093B849 /* Base */,
			);
			name = Main.storyboard;
			sourceTree = "<group>";
		};
		B430AB9920AAF06B0093B849 /* LaunchScreen.storyboard */ = {
			isa = PBXVariantGroup;
			children = (
				B430AB9A20AAF06B0093B849 /* Base */,
			);
			name = LaunchScreen.storyboard;
			sourceTree = "<group>";
		};
/* End PBXVariantGroup section */

/* Begin XCBuildConfiguration section */
		B430ABB320AAF06B0093B849 /* Debug */ = {
			isa = XCBuildConfiguration;
			buildSettings = {
				ALWAYS_SEARCH_USER_PATHS = NO;
				CLANG_ANALYZER_NONNULL = YES;
				CLANG_ANALYZER_NUMBER_OBJECT_CONVERSION = YES_AGGRESSIVE;
				CLANG_CXX_LANGUAGE_STANDARD = "gnu++14";
				CLANG_CXX_LIBRARY = "libc++";
				CLANG_ENABLE_MODULES = YES;
				CLANG_ENABLE_OBJC_ARC = YES;
				CLANG_ENABLE_OBJC_WEAK = YES;
				CLANG_WARN_BLOCK_CAPTURE_AUTORELEASING = YES;
				CLANG_WARN_BOOL_CONVERSION = YES;
				CLANG_WARN_COMMA = YES;
				CLANG_WARN_CONSTANT_CONVERSION = YES;
				CLANG_WARN_DEPRECATED_OBJC_IMPLEMENTATIONS = YES;
				CLANG_WARN_DIRECT_OBJC_ISA_USAGE = YES_ERROR;
				CLANG_WARN_DOCUMENTATION_COMMENTS = YES;
				CLANG_WARN_EMPTY_BODY = YES;
				CLANG_WARN_ENUM_CONVERSION = YES;
				CLANG_WARN_INFINITE_RECURSION = YES;
				CLANG_WARN_INT_CONVERSION = YES;
				CLANG_WARN_NON_LITERAL_NULL_CONVERSION = YES;
				CLANG_WARN_OBJC_IMPLICIT_RETAIN_SELF = YES;
				CLANG_WARN_OBJC_LITERAL_CONVERSION = YES;
				CLANG_WARN_OBJC_ROOT_CLASS = YES_ERROR;
				CLANG_WARN_RANGE_LOOP_ANALYSIS = YES;
				CLANG_WARN_STRICT_PROTOTYPES = YES;
				CLANG_WARN_SUSPICIOUS_MOVE = YES;
				CLANG_WARN_UNGUARDED_AVAILABILITY = YES_AGGRESSIVE;
				CLANG_WARN_UNREACHABLE_CODE = YES;
				CLANG_WARN__DUPLICATE_METHOD_MATCH = YES;
				CODE_SIGN_IDENTITY = "iPhone Developer";
				COPY_PHASE_STRIP = NO;
				DEBUG_INFORMATION_FORMAT = dwarf;
				ENABLE_STRICT_OBJC_MSGSEND = YES;
				ENABLE_TESTABILITY = YES;
				GCC_C_LANGUAGE_STANDARD = gnu11;
				GCC_DYNAMIC_NO_PIC = NO;
				GCC_NO_COMMON_BLOCKS = YES;
				GCC_OPTIMIZATION_LEVEL = 0;
				GCC_PREPROCESSOR_DEFINITIONS = (
					"DEBUG=1",
					"$(inherited)",
				);
				GCC_WARN_64_TO_32_BIT_CONVERSION = YES;
				GCC_WARN_ABOUT_RETURN_TYPE = YES_ERROR;
				GCC_WARN_UNDECLARED_SELECTOR = YES;
				GCC_WARN_UNINITIALIZED_AUTOS = YES_AGGRESSIVE;
				GCC_WARN_UNUSED_FUNCTION = YES;
				GCC_WARN_UNUSED_VARIABLE = YES;
				IPHONEOS_DEPLOYMENT_TARGET = 11.3;
				MTL_ENABLE_DEBUG_INFO = YES;
				ONLY_ACTIVE_ARCH = YES;
				SDKROOT = iphoneos;
				SWIFT_ACTIVE_COMPILATION_CONDITIONS = DEBUG;
				SWIFT_OPTIMIZATION_LEVEL = "-Onone";
			};
			name = Debug;
		};
		B430ABB420AAF06B0093B849 /* Release */ = {
			isa = XCBuildConfiguration;
			buildSettings = {
				ALWAYS_SEARCH_USER_PATHS = NO;
				CLANG_ANALYZER_NONNULL = YES;
				CLANG_ANALYZER_NUMBER_OBJECT_CONVERSION = YES_AGGRESSIVE;
				CLANG_CXX_LANGUAGE_STANDARD = "gnu++14";
				CLANG_CXX_LIBRARY = "libc++";
				CLANG_ENABLE_MODULES = YES;
				CLANG_ENABLE_OBJC_ARC = YES;
				CLANG_ENABLE_OBJC_WEAK = YES;
				CLANG_WARN_BLOCK_CAPTURE_AUTORELEASING = YES;
				CLANG_WARN_BOOL_CONVERSION = YES;
				CLANG_WARN_COMMA = YES;
				CLANG_WARN_CONSTANT_CONVERSION = YES;
				CLANG_WARN_DEPRECATED_OBJC_IMPLEMENTATIONS = YES;
				CLANG_WARN_DIRECT_OBJC_ISA_USAGE = YES_ERROR;
				CLANG_WARN_DOCUMENTATION_COMMENTS = YES;
				CLANG_WARN_EMPTY_BODY = YES;
				CLANG_WARN_ENUM_CONVERSION = YES;
				CLANG_WARN_INFINITE_RECURSION = YES;
				CLANG_WARN_INT_CONVERSION = YES;
				CLANG_WARN_NON_LITERAL_NULL_CONVERSION = YES;
				CLANG_WARN_OBJC_IMPLICIT_RETAIN_SELF = YES;
				CLANG_WARN_OBJC_LITERAL_CONVERSION = YES;
				CLANG_WARN_OBJC_ROOT_CLASS = YES_ERROR;
				CLANG_WARN_RANGE_LOOP_ANALYSIS = YES;
				CLANG_WARN_STRICT_PROTOTYPES = YES;
				CLANG_WARN_SUSPICIOUS_MOVE = YES;
				CLANG_WARN_UNGUARDED_AVAILABILITY = YES_AGGRESSIVE;
				CLANG_WARN_UNREACHABLE_CODE = YES;
				CLANG_WARN__DUPLICATE_METHOD_MATCH = YES;
				CODE_SIGN_IDENTITY = "iPhone Developer";
				COPY_PHASE_STRIP = NO;
				DEBUG_INFORMATION_FORMAT = "dwarf-with-dsym";
				ENABLE_NS_ASSERTIONS = NO;
				ENABLE_STRICT_OBJC_MSGSEND = YES;
				GCC_C_LANGUAGE_STANDARD = gnu11;
				GCC_NO_COMMON_BLOCKS = YES;
				GCC_WARN_64_TO_32_BIT_CONVERSION = YES;
				GCC_WARN_ABOUT_RETURN_TYPE = YES_ERROR;
				GCC_WARN_UNDECLARED_SELECTOR = YES;
				GCC_WARN_UNINITIALIZED_AUTOS = YES_AGGRESSIVE;
				GCC_WARN_UNUSED_FUNCTION = YES;
				GCC_WARN_UNUSED_VARIABLE = YES;
				IPHONEOS_DEPLOYMENT_TARGET = 11.3;
				MTL_ENABLE_DEBUG_INFO = NO;
				SDKROOT = iphoneos;
				SWIFT_COMPILATION_MODE = wholemodule;
				SWIFT_OPTIMIZATION_LEVEL = "-O";
				VALIDATE_PRODUCT = YES;
			};
			name = Release;
		};
		B430ABB620AAF06B0093B849 /* Debug */ = {
			isa = XCBuildConfiguration;
			buildSettings = {
				ASSETCATALOG_COMPILER_APPICON_NAME = AppIcon;
				CODE_SIGN_STYLE = Automatic;
				INFOPLIST_FILE = "stop-watch/Info.plist";
				LD_RUNPATH_SEARCH_PATHS = (
					"$(inherited)",
					"@executable_path/Frameworks",
				);
				PRODUCT_BUNDLE_IDENTIFIER = "sample.stop-watch";
				PRODUCT_NAME = "$(TARGET_NAME)";
				SWIFT_VERSION = 4.0;
				TARGETED_DEVICE_FAMILY = "1,2";
			};
			name = Debug;
		};
		B430ABB720AAF06B0093B849 /* Release */ = {
			isa = XCBuildConfiguration;
			buildSettings = {
				ASSETCATALOG_COMPILER_APPICON_NAME = AppIcon;
				CODE_SIGN_STYLE = Automatic;
				INFOPLIST_FILE = "stop-watch/Info.plist";
				LD_RUNPATH_SEARCH_PATHS = (
					"$(inherited)",
					"@executable_path/Frameworks",
				);
				PRODUCT_BUNDLE_IDENTIFIER = "sample.stop-watch";
				PRODUCT_NAME = "$(TARGET_NAME)";
				SWIFT_VERSION = 4.0;
				TARGETED_DEVICE_FAMILY = "1,2";
			};
			name = Release;
		};
		B430ABB920AAF06B0093B849 /* Debug */ = {
			isa = XCBuildConfiguration;
			buildSettings = {
				ALWAYS_EMBED_SWIFT_STANDARD_LIBRARIES = YES;
				BUNDLE_LOADER = "$(TEST_HOST)";
				CODE_SIGN_STYLE = Automatic;
				INFOPLIST_FILE = "stop-watchTests/Info.plist";
				LD_RUNPATH_SEARCH_PATHS = (
					"$(inherited)",
					"@executable_path/Frameworks",
					"@loader_path/Frameworks",
				);
				PRODUCT_BUNDLE_IDENTIFIER = "sample.stop-watchTests";
				PRODUCT_NAME = "$(TARGET_NAME)";
				SWIFT_VERSION = 4.0;
				TARGETED_DEVICE_FAMILY = "1,2";
				TEST_HOST = "$(BUILT_PRODUCTS_DIR)/stop-watch.app/stop-watch";
			};
			name = Debug;
		};
		B430ABBA20AAF06B0093B849 /* Release */ = {
			isa = XCBuildConfiguration;
			buildSettings = {
				ALWAYS_EMBED_SWIFT_STANDARD_LIBRARIES = YES;
				BUNDLE_LOADER = "$(TEST_HOST)";
				CODE_SIGN_STYLE = Automatic;
				INFOPLIST_FILE = "stop-watchTests/Info.plist";
				LD_RUNPATH_SEARCH_PATHS = (
					"$(inherited)",
					"@executable_path/Frameworks",
					"@loader_path/Frameworks",
				);
				PRODUCT_BUNDLE_IDENTIFIER = "sample.stop-watchTests";
				PRODUCT_NAME = "$(TARGET_NAME)";
				SWIFT_VERSION = 4.0;
				TARGETED_DEVICE_FAMILY = "1,2";
				TEST_HOST = "$(BUILT_PRODUCTS_DIR)/stop-watch.app/stop-watch";
			};
			name = Release;
		};
		B430ABBC20AAF06B0093B849 /* Debug */ = {
			isa = XCBuildConfiguration;
			buildSettings = {
				ALWAYS_EMBED_SWIFT_STANDARD_LIBRARIES = YES;
				CODE_SIGN_STYLE = Automatic;
				INFOPLIST_FILE = "stop-watchUITests/Info.plist";
				LD_RUNPATH_SEARCH_PATHS = (
					"$(inherited)",
					"@executable_path/Frameworks",
					"@loader_path/Frameworks",
				);
				PRODUCT_BUNDLE_IDENTIFIER = "sample.stop-watchUITests";
				PRODUCT_NAME = "$(TARGET_NAME)";
				SWIFT_VERSION = 4.0;
				TARGETED_DEVICE_FAMILY = "1,2";
				TEST_TARGET_NAME = "stop-watch";
			};
			name = Debug;
		};
		B430ABBD20AAF06B0093B849 /* Release */ = {
			isa = XCBuildConfiguration;
			buildSettings = {
				ALWAYS_EMBED_SWIFT_STANDARD_LIBRARIES = YES;
				CODE_SIGN_STYLE = Automatic;
				INFOPLIST_FILE = "stop-watchUITests/Info.plist";
				LD_RUNPATH_SEARCH_PATHS = (
					"$(inherited)",
					"@executable_path/Frameworks",
					"@loader_path/Frameworks",
				);
				PRODUCT_BUNDLE_IDENTIFIER = "sample.stop-watchUITests";
				PRODUCT_NAME = "$(TARGET_NAME)";
				SWIFT_VERSION = 4.0;
				TARGETED_DEVICE_FAMILY = "1,2";
				TEST_TARGET_NAME = "stop-watch";
			};
			name = Release;
		};
/* End XCBuildConfiguration section */

/* Begin XCConfigurationList section */
		B430AB8820AAF06A0093B849 /* Build configuration list for PBXProject "stop-watch" */ = {
			isa = XCConfigurationList;
			buildConfigurations = (
				B430ABB320AAF06B0093B849 /* Debug */,
				B430ABB420AAF06B0093B849 /* Release */,
			);
			defaultConfigurationIsVisible = 0;
			defaultConfigurationName = Release;
		};
		B430ABB520AAF06B0093B849 /* Build configuration list for PBXNativeTarget "stop-watch" */ = {
			isa = XCConfigurationList;
			buildConfigurations = (
				B430ABB620AAF06B0093B849 /* Debug */,
				B430ABB720AAF06B0093B849 /* Release */,
			);
			defaultConfigurationIsVisible = 0;
			defaultConfigurationName = Release;
		};
		B430ABB820AAF06B0093B849 /* Build configuration list for PBXNativeTarget "stop-watchTests" */ = {
			isa = XCConfigurationList;
			buildConfigurations = (
				B430ABB920AAF06B0093B849 /* Debug */,
				B430ABBA20AAF06B0093B849 /* Release */,
			);
			defaultConfigurationIsVisible = 0;
			defaultConfigurationName = Release;
		};
		B430ABBB20AAF06B0093B849 /* Build configuration list for PBXNativeTarget "stop-watchUITests" */ = {
			isa = XCConfigurationList;
			buildConfigurations = (
				B430ABBC20AAF06B0093B849 /* Debug */,
				B430ABBD20AAF06B0093B849 /* Release */,
			);
			defaultConfigurationIsVisible = 0;
			defaultConfigurationName = Release;
		};
/* End XCConfigurationList section */
	};
	rootObject = B430AB8520AAF06A0093B849 /* Project object */;
}
